<?xml version="1.0" encoding="utf-8"?>
<Project ToolsVersion="4.0" xmlns="http://schemas.microsoft.com/developer/msbuild/2003">
  <ItemGroup>
    <Filter Include="Source Files">
      <UniqueIdentifier>{4FC737F1-C7A5-4376-A066-2A32D752A2FF}</UniqueIdentifier>
      <Extensions>cpp;c;cc;cxx;c++;cppm;ixx;def;odl;idl;hpj;bat;asm;asmx</Extensions>
    </Filter>
    <Filter Include="Header Files">
      <UniqueIdentifier>{93995380-89BD-4b04-88EB-625FBE52EBFB}</UniqueIdentifier>
      <Extensions>h;hh;hpp;hxx;h++;hm;inl;inc;ipp;xsd</Extensions>
    </Filter>
    <Filter Include="Resource Files">
      <UniqueIdentifier>{67DA6AB6-F800-4c08-8B7A-83BB121AAD01}</UniqueIdentifier>
      <Extensions>rc;ico;cur;bmp;dlg;rc2;rct;bin;rgs;gif;jpg;jpeg;jpe;resx;tiff;tif;png;wav;mfcribbon-ms</Extensions>
    </Filter>
  </ItemGroup>
  <ItemGroup>
    <ClCompile Include="LandscapeDesigner.cpp">
      <Filter>Source Files</Filter>
    </ClCompile>
    <ClCompile Include="Renderer.cpp">
      <Filter>Source Files</Filter>
    </ClCompile>
    <ClCompile Include="UIPanel.cpp">
      <Filter>Source Files</Filter>
    </ClCompile>
    <ClCompile Include="PerlinNoise.cpp">
      <Filter>Source Files</Filter>
    </ClCompile>
    <ClCompile Include="BrushTool.cpp">
      <Filter>Source Files</Filter>
    </ClCompile>
    <ClCompile Include="Camera.cpp">
      <Filter>Source Files</Filter>
    </ClCompile>
    <ClCompile Include="ErosionSimulator.cpp">
      <Filter>Source Files</Filter>
    </ClCompile>
    <ClCompile Include="ImageExporter.cpp">
      <Filter>Source Files</Filter>
    </ClCompile>
    <ClCompile Include="TerrainMesh.cpp">
      <Filter>Source Files</Filter>
    </ClCompile>
    <ClCompile Include="main.cpp">
      <Filter>Source Files</Filter>
    </ClCompile>
    <ClCompile Include="DataDumper.cpp">
      <Filter>Source Files</Filter>
    </ClCompile>
  </ItemGroup>
  <ItemGroup>
    <ClInclude Include="Image.h">
      <Filter>Header Files</Filter>
    </ClInclude>
    <ClInclude Include="LandscapeDesign.h">
      <Filter>Header Files</Filter>
    </ClInclude>
    <ClInclude Include="LandscapeDesigner.h">
      <Filter>Header Files</Filter>
    </ClInclude>
    <ClInclude Include="Renderer.h">
      <Filter>Header Files</Filter>
    </ClInclude>
    <ClInclude Include="LandscapeParameters.h">
      <Filter>Header Files</Filter>
    </ClInclude>
    <ClInclude Include="UIPanel.h">
      <Filter>Header Files</Filter>
    </ClInclude>
    <ClInclude Include="DisplayMode.h">
      <Filter>Header Files</Filter>
    </ClInclude>
    <ClInclude Include="PerlinNoise.h">
      <Filter>Header Files</Filter>
    </ClInclude>
    <ClInclude Include="BrushTool.h">
      <Filter>Header Files</Filter>
    </ClInclude>
    <ClInclude Include="Camera.h">
      <Filter>Header Files</Filter>
    </ClInclude>
    <ClInclude Include="ErosionSimulator.h">
      <Filter>Header Files</Filter>
    </ClInclude>
    <ClInclude Include="ImageExporter.h">
      <Filter>Header Files</Filter>
    </ClInclude>
    <ClInclude Include="TerrainMesh.h">
      <Filter>Header Files</Filter>
    </ClInclude>
    <ClInclude Include="DataDumper.h">
      <Filter>Header Files</Filter>
    </ClInclude>
    <ClInclude Include="EngineScalingHelper.h">
      <Filter>Header Files</Filter>
    </ClInclude>
    <ClInclude Include="Framebuffer.h">
      <Filter>Header Files</Filter>
    </ClInclude>
  </ItemGroup>
  <ItemGroup>
    <None Include="SETUP.md" />
    <None Include="setup.ps1" />
    <None Include="README.md" />
    <None Include="setup.bat">
      <Filter>Source Files</Filter>
    </None>
    <None Include="setup-local.ps1" />
    <None Include="PATH_CONFIG.md" />
    <None Include="QUICK_START.md" />
    <None Include="PROJECT_STRUCTURE.md" />
    <None Include="CHECKLIST.md" />
    <None Include="NEW_FEATURES.md" />
    <None Include="UPGRADE_SUMMARY.md" />
    <None Include="3D_IMPLEMENTATION_SUMMARY.md" />
    <None Include="3D_VISUALIZATION_GUIDE.md" />
    <None Include="EROSION_GUIDE.md" />
    <None Include="MOUSE_INPUT_FIX.md" />
    <None Include="PAINT_MODE_GUIDE.md" />
    <None Include="PAINT_MODE_QUICKSTART.md" />
    <None Include="PAINT_MODE_SUMMARY.md" />
    <None Include="PROJECT_COMPLETE.md" />
    <None Include="VERSION_0.3_3D_RELEASE.md" />
    <None Include="TODO.md" />
    <None Include=".gitignore" />
    <None Include="PHASE_1_1_COMPLETE.md" />
    <None Include="ENGINE_AWARE_GUIDE.md" />
    <None Include="ENGINE_AWARE_COMPLETE.md" />
    <None Include="ENGINE_AWARE_VISUAL_REFERENCE.md" />
    <None Include="TODAY_ACHIEVEMENT_SUMMARY.md" />
    <None Include="QUICK_REFERENCE.md" />
    <None Include="DOCKING_IMPLEMENTATION_GUIDE.md" />
    <None Include="SESSION_3_SUMMARY.md" />
    <None Include="NORMALIZE_FEATURE_COMPLETE.md" />
    <None Include="NORMALIZE_IMPLEMENTATION_SUMMARY.md" />
    <None Include="NORMALIZE_USER_GUIDE.md" />
    <None Include="SESSION_3_PART_2_SUMMARY.md" />
    <None Include="PAINT_MODE_BUG_FIX.md" />
    <None Include="DUAL_VIEWPORT_IMPLEMENTATION.md" />
    <None Include="DUAL_VIEWPORT_QUICK_START.md" />
    <None Include="V07_RELEASE_NOTES.md" />
    <None Include="3_PANEL_LAYOUT_IMPLEMENTATION.md" />
    <None Include="3_PANEL_VISUAL_GUIDE.md" />
    <None Include="V075_RELEASE_SUMMARY.md" />
  </ItemGroup>
</Project>